
Microsoft Visual Studio Solution File, Format Version 10.00
# Visual Studio 2008
Project("{8BC9CEB8-8B4A-11D0-8D11-00A0C91BC942}") = "LuaInterpreter", "LuaInterpreter.vcproj", "{A9D88C3C-0EAE-4836-A345-E182F686CDFC}"
EndProject
Global
	GlobalSection(SolutionConfigurationPlatforms) = preSolution
		Debug|Win32 = Debug|Win32
		Release|Win32 = Release|Win32
	EndGlobalSection
	GlobalSection(ProjectConfigurationPlatforms) = postSolution
		{A9D88C3C-0EAE-4836-A345-E182F686CDFC}.Debug|Win32.ActiveCfg = Debug|Win32
		{A9D88C3C-0EAE-4836-A345-E182F686CDFC}.Debug|Win32.Build.0 = Debug|Win32
		{A9D88C3C-0EAE-4836-A345-E182F686CDFC}.Release|Win32.ActiveCfg = Release|Win32
		{A9D88C3C-0EAE-4836-A345-E182F686CDFC}.Release|Win32.Build.0 = Release|Win32
	EndGlobalSection
	GlobalSection(SolutionProperties) = preSolution
		HideSolutionNode = FALSE
	EndGlobalSection
EndGlobal
